
Microsoft Visual Studio Solution File, Format Version 12.00
# Visual Studio Version 17
VisualStudioVersion = 17.8.34408.163
MinimumVisualStudioVersion = 10.0.40219.1
Project("{FAE04EC0-301F-11D3-BF4B-00C04F79EFBC}") = "ConsoleDiceRollGame", "ConsoleDiceRollGame\ConsoleDiceRollGame.csproj", "{2EF64C95-FA05-4AF8-B14D-36144A11BEA7}"
EndProject
Global
	GlobalSection(SolutionConfigurationPlatforms) = preSolution
		Debug|Any CPU = Debug|Any CPU
		Release|Any CPU = Release|Any CPU
	EndGlobalSection
	GlobalSection(ProjectConfigurationPlatforms) = postSolution
		{2EF64C95-FA05-4AF8-B14D-36144A11BEA7}.Debug|Any CPU.ActiveCfg = Debug|Any CPU
		{2EF64C95-FA05-4AF8-B14D-36144A11BEA7}.Debug|Any CPU.Build.0 = Debug|Any CPU
		{2EF64C95-FA05-4AF8-B14D-36144A11BEA7}.Release|Any CPU.ActiveCfg = Release|Any CPU
		{2EF64C95-FA05-4AF8-B14D-36144A11BEA7}.Release|Any CPU.Build.0 = Release|Any CPU
	EndGlobalSection
	GlobalSection(SolutionProperties) = preSolution
		HideSolutionNode = FALSE
	EndGlobalSection
	GlobalSection(ExtensibilityGlobals) = postSolution
		SolutionGuid = {3EAA2A71-CC26-44FC-AC55-82FF87C49E7E}
	EndGlobalSection
EndGlobal
